
Microsoft Visual Studio Solution File, Format Version 12.00
# Visual Studio Version 17
VisualStudioVersion = 17.14.37012.4 d17.14
MinimumVisualStudioVersion = 10.0.40219.1
Project("{8BC9CEB8-8B4A-11D0-8D11-00A0C91BC942}") = "data_project", "data_project\data_project.vcxproj", "{CA4EE910-4493-4793-8AFB-46E7576AABCD}"
EndProject
Global
	GlobalSection(SolutionConfigurationPlatforms) = preSolution
		Debug|x64 = Debug|x64
		Debug|x86 = Debug|x86
		Release|x64 = Release|x64
		Release|x86 = Release|x86
	EndGlobalSection
	GlobalSection(ProjectConfigurationPlatforms) = postSolution
		{CA4EE910-4493-4793-8AFB-46E7576AABCD}.Debug|x64.ActiveCfg = Debug|x64
		{CA4EE910-4493-4793-8AFB-46E7576AABCD}.Debug|x64.Build.0 = Debug|x64
		{CA4EE910-4493-4793-8AFB-46E7576AABCD}.Debug|x86.ActiveCfg = Debug|Win32
		{CA4EE910-4493-4793-8AFB-46E7576AABCD}.Debug|x86.Build.0 = Debug|Win32
		{CA4EE910-4493-4793-8AFB-46E7576AABCD}.Release|x64.ActiveCfg = Release|x64
		{CA4EE910-4493-4793-8AFB-46E7576AABCD}.Release|x64.Build.0 = Release|x64
		{CA4EE910-4493-4793-8AFB-46E7576AABCD}.Release|x86.ActiveCfg = Release|Win32
		{CA4EE910-4493-4793-8AFB-46E7576AABCD}.Release|x86.Build.0 = Release|Win32
	EndGlobalSection
	GlobalSection(SolutionProperties) = preSolution
		HideSolutionNode = FALSE
	EndGlobalSection
	GlobalSection(ExtensibilityGlobals) = postSolution
		SolutionGuid = {08430734-A480-4F7D-B893-6ACA58580F84}
	EndGlobalSection
EndGlobal
